{
  "name": ".kenv",
  "lockfileVersion": 3,
  "requires": true,
  "packages": {
    "": {
      "dependencies": {
        "@ddc-node/ddc-node": "^1.0.3",
        "@hensm/ddcci": "^0.1.0"
      },
      "devDependencies": {
        "@johnlindquist/kit": "file:../.kit"
      },
      "engines": {
        "node": "18.18.2",
        "npm": "9.8.1"
      }
    },
    "../.kit": {
      "name": "@johnlindquist/kit",
      "version": "2.1.16",
      "dev": true,
      "license": "ISC",
      "dependencies": {
        "@johnlindquist/globals": "1.15.1",
        "@johnlindquist/kit-internal": "^1.13.3",
        "@octokit/auth-oauth-device": "4.0.4",
        "@octokit/core": "4.2.0",
        "@octokit/plugin-paginate-rest": "6.0.0",
        "@octokit/plugin-rest-endpoint-methods": "7.0.1",
        "@octokit/plugin-retry": "4.1.3",
        "@octokit/plugin-throttling": "5.0.1",
        "@types/node-notifier": "8.0.3",
        "@types/shelljs": "0.8.13",
        "advanced-calculator": "1.1.1",
        "chrome-trace-event": "^1.0.3",
        "esbuild": "0.19.9",
        "file-icon": "5.1.1",
        "filesize": "10.1.0",
        "globby": "^14.0.0",
        "highlight.js": "11.9.0",
        "isomorphic-git": "1.25.1",
        "keyv": "^4.5.4",
        "keyv-file": "^0.3.0",
        "node-notifier": "10.0.1",
        "open": "9.1.0",
        "p-limit": "^5.0.0",
        "quick-score": "^0.2.0",
        "rimraf": "5.0.5",
        "safe-stable-stringify": "^2.4.3",
        "shelljs": "0.8.5",
        "slugify": "1.6.6",
        "suggestion": "2.1.2",
        "zx": "^7.2.3"
      },
      "bin": {
        "kit": "bin/kit",
        "kitblitz": "bin/kitblitz.mjs",
        "sk": "bin/sk"
      },
      "devDependencies": {
        "@types/debug": "4.1.9",
        "@types/express": "4.17.19",
        "@types/express-ws": "3.0.2",
        "@types/node": "^20.8.4",
        "@types/node-ipc": "9.2.1",
        "ava": "5.3.1",
        "cz-conventional-changelog": "^3.3.0",
        "debug": "4.3.4",
        "semantic-release": "22.0.12",
        "semantic-release-plugin-update-version-in-files": "1.1.0",
        "tsc-watch": "6.0.4",
        "typescript": "5.3.3",
        "unzipper": "0.10.14"
      },
      "engines": {
        "node": ">=14.8.0"
      }
    },
    "node_modules/@ddc-node/ddc-node": {
      "version": "1.0.3",
      "resolved": "https://registry.npmjs.org/@ddc-node/ddc-node/-/ddc-node-1.0.3.tgz",
      "integrity": "sha512-5aDb1ObRYwAV9tq8m5kph6KOjFCi4IGf3rnle7iFH8iyVSbnQ9NogeFHBXzHS7Go5I/MGDOl01IrXxoce9lLmw==",
      "engines": {
        "node": ">= 10"
      },
      "optionalDependencies": {
        "@ddc-node/ddc-node-darwin-arm64": "1.0.3",
        "@ddc-node/ddc-node-darwin-x64": "1.0.3",
        "@ddc-node/ddc-node-linux-arm64-gnu": "1.0.3",
        "@ddc-node/ddc-node-linux-x64-gnu": "1.0.3",
        "@ddc-node/ddc-node-win32-arm64-msvc": "1.0.3",
        "@ddc-node/ddc-node-win32-x64-msvc": "1.0.3"
      }
    },
    "node_modules/@ddc-node/ddc-node-darwin-arm64": {
      "version": "1.0.3",
      "resolved": "https://registry.npmjs.org/@ddc-node/ddc-node-darwin-arm64/-/ddc-node-darwin-arm64-1.0.3.tgz",
      "integrity": "sha512-VDUkd5DgfrAgo8PkyTnCksYkHmECYQ6qXaFgdUxxJyYNw11wM5exQzkhM6elnWgw0X4GZWk76Rc07T1ZEEjRxA==",
      "cpu": [
        "arm64"
      ],
      "optional": true,
      "os": [
        "darwin"
      ],
      "engines": {
        "node": ">= 10"
      }
    },
    "node_modules/@ddc-node/ddc-node-darwin-x64": {
      "version": "1.0.3",
      "resolved": "https://registry.npmjs.org/@ddc-node/ddc-node-darwin-x64/-/ddc-node-darwin-x64-1.0.3.tgz",
      "integrity": "sha512-SliCF0myhqfH/hFtP6AS+LtpGAncNqopfgoXO7ZMH2OyGKDNoUvkmPCB/AmEoGGmlK1tpiXi6gwk4SQwP4zKQQ==",
      "cpu": [
        "x64"
      ],
      "optional": true,
      "os": [
        "darwin"
      ],
      "engines": {
        "node": ">= 10"
      }
    },
    "node_modules/@ddc-node/ddc-node-linux-arm64-gnu": {
      "version": "1.0.3",
      "resolved": "https://registry.npmjs.org/@ddc-node/ddc-node-linux-arm64-gnu/-/ddc-node-linux-arm64-gnu-1.0.3.tgz",
      "integrity": "sha512-vgdvCH0FBpDHMbEOPdPSALySlcM6mtSyFAubecfmaLHVxftt4gVwiI5DOwzNiIXTzgpUpWtG/M5cpZKtah5v7w==",
      "cpu": [
        "arm64"
      ],
      "optional": true,
      "os": [
        "linux"
      ],
      "engines": {
        "node": ">= 10"
      }
    },
    "node_modules/@ddc-node/ddc-node-linux-x64-gnu": {
      "version": "1.0.3",
      "resolved": "https://registry.npmjs.org/@ddc-node/ddc-node-linux-x64-gnu/-/ddc-node-linux-x64-gnu-1.0.3.tgz",
      "integrity": "sha512-kSe0loDhJqGjJ6IpEBJRRgoJas2VRv+Xt1i/kCOXd7FZjT09WU4a0hw5ac2XjhLui2QFwCmCMzUQAxNhQc7yEA==",
      "cpu": [
        "x64"
      ],
      "optional": true,
      "os": [
        "linux"
      ],
      "engines": {
        "node": ">= 10"
      }
    },
    "node_modules/@ddc-node/ddc-node-win32-arm64-msvc": {
      "version": "1.0.3",
      "resolved": "https://registry.npmjs.org/@ddc-node/ddc-node-win32-arm64-msvc/-/ddc-node-win32-arm64-msvc-1.0.3.tgz",
      "integrity": "sha512-qepfKM364gsXe1W7LeVGkmwcfWgoUSk8bAdo/2DPwzOno+PQYwMXWG/CgwLQRa90lF+UTO9t2UPUmF71Ww+M8w==",
      "cpu": [
        "arm64"
      ],
      "optional": true,
      "os": [
        "win32"
      ],
      "engines": {
        "node": ">= 10"
      }
    },
    "node_modules/@ddc-node/ddc-node-win32-x64-msvc": {
      "version": "1.0.3",
      "resolved": "https://registry.npmjs.org/@ddc-node/ddc-node-win32-x64-msvc/-/ddc-node-win32-x64-msvc-1.0.3.tgz",
      "integrity": "sha512-5bIC+ykrGTE5xoOPbXVdIBDejv7enxZTsRZ+hnlv72uat5sohVtYZsBXJUhEWBuZ9ziv64k/86O0goZlESGIww==",
      "cpu": [
        "x64"
      ],
      "optional": true,
      "os": [
        "win32"
      ],
      "engines": {
        "node": ">= 10"
      }
    },
    "node_modules/@hensm/ddcci": {
      "version": "0.1.0",
      "resolved": "https://registry.npmjs.org/@hensm/ddcci/-/ddcci-0.1.0.tgz",
      "integrity": "sha512-JoVh0Kf+e6dXETca50T4YHtCzVS470qAFO3Gz/gnCeozi5aSO/zWhmaXTYWXZexMJyRMO0IIXYHAsk42o5ZTEg==",
      "hasInstallScript": true,
      "dependencies": {
        "bindings": "^1.5.0",
        "node-addon-api": "^2.0.0"
      }
    },
    "node_modules/@johnlindquist/kit": {
      "resolved": "../.kit",
      "link": true
    },
    "node_modules/bindings": {
      "version": "1.5.0",
      "resolved": "https://registry.npmjs.org/bindings/-/bindings-1.5.0.tgz",
      "integrity": "sha512-p2q/t/mhvuOj/UeLlV6566GD/guowlr0hHxClI0W9m7MWYkL1F0hLo+0Aexs9HSPCtR1SXQ0TD3MMKrXZajbiQ==",
      "dependencies": {
        "file-uri-to-path": "1.0.0"
      }
    },
    "node_modules/file-uri-to-path": {
      "version": "1.0.0",
      "resolved": "https://registry.npmjs.org/file-uri-to-path/-/file-uri-to-path-1.0.0.tgz",
      "integrity": "sha512-0Zt+s3L7Vf1biwWZ29aARiVYLx7iMGnEUl9x33fbB/j3jR81u/O2LbqK+Bm1CDSNDKVtJ/YjwY7TUd5SkeLQLw=="
    },
    "node_modules/node-addon-api": {
      "version": "2.0.2",
      "resolved": "https://registry.npmjs.org/node-addon-api/-/node-addon-api-2.0.2.tgz",
      "integrity": "sha512-Ntyt4AIXyaLIuMHF6IOoTakB3K+RWxwtsHNRxllEoA6vPwP9o4866g6YWDLUdnucilZhmkxiHwHr11gAENw+QA=="
    }
  }
}
